
Microsoft Visual Studio Solution File, Format Version 12.00
# Visual Studio Version 16
VisualStudioVersion = 16.0.29418.71
MinimumVisualStudioVersion = 10.0.40219.1
Project("{FAE04EC0-301F-11D3-BF4B-00C04F79EFBC}") = "WindowsFormsApp10", "WindowsFormsApp10\WindowsFormsApp10.csproj", "{A88BFB35-61CA-4FE4-80F6-1586708DD769}"
EndProject
Global
	GlobalSection(SolutionConfigurationPlatforms) = preSolution
		Debug|Any CPU = Debug|Any CPU
		Release|Any CPU = Release|Any CPU
	EndGlobalSection
	GlobalSection(ProjectConfigurationPlatforms) = postSolution
		{A88BFB35-61CA-4FE4-80F6-1586708DD769}.Debug|Any CPU.ActiveCfg = Debug|Any CPU
		{A88BFB35-61CA-4FE4-80F6-1586708DD769}.Debug|Any CPU.Build.0 = Debug|Any CPU
		{A88BFB35-61CA-4FE4-80F6-1586708DD769}.Release|Any CPU.ActiveCfg = Release|Any CPU
		{A88BFB35-61CA-4FE4-80F6-1586708DD769}.Release|Any CPU.Build.0 = Release|Any CPU
	EndGlobalSection
	GlobalSection(SolutionProperties) = preSolution
		HideSolutionNode = FALSE
	EndGlobalSection
	GlobalSection(ExtensibilityGlobals) = postSolution
		SolutionGuid = {12ADA5D2-0F03-445D-9B6E-E3F4A1364C58}
	EndGlobalSection
EndGlobal
